
Microsoft Visual Studio Solution File, Format Version 12.00
# Visual Studio 15
Project("{FAE04EC0-301F-11D3-BF4B-00C04F79EFBC}") = "UnityEngine.TestRunner", "UnityEngine.TestRunner.csproj", "{C6681B35-2E1A-2B4D-898F-9A18D96D33C1}"
EndProject
Project("{FAE04EC0-301F-11D3-BF4B-00C04F79EFBC}") = "UnityEngine.UI", "UnityEngine.UI.csproj", "{7CB11614-CAF3-CDD8-CC1E-F9FF041FAC85}"
EndProject
Project("{FAE04EC0-301F-11D3-BF4B-00C04F79EFBC}") = "Unity.VisualScripting.Flow", "Unity.VisualScripting.Flow.csproj", "{8E545B26-9870-72FC-6AEC-871A2A79AD90}"
EndProject
Project("{FAE04EC0-301F-11D3-BF4B-00C04F79EFBC}") = "Unity.Services.Core.Telemetry", "Unity.Services.Core.Telemetry.csproj", "{BC5903EE-EE38-6B73-8D58-3813DF360CBD}"
EndProject
Project("{FAE04EC0-301F-11D3-BF4B-00C04F79EFBC}") = "Unity.VisualScripting.State", "Unity.VisualScripting.State.csproj", "{F0846B9A-91BA-8750-3130-5AB374F01774}"
EndProject
Project("{FAE04EC0-301F-11D3-BF4B-00C04F79EFBC}") = "Unity.VisualScripting.Core", "Unity.VisualScripting.Core.csproj", "{F315BDF3-76B8-5E2C-DC29-B54850933FC5}"
EndProject
Project("{FAE04EC0-301F-11D3-BF4B-00C04F79EFBC}") = "Unity.Services.Core.Environments.Internal", "Unity.Services.Core.Environments.Internal.csproj", "{EC76E045-D59B-95EA-0D89-8F451A482AB5}"
EndProject
Project("{FAE04EC0-301F-11D3-BF4B-00C04F79EFBC}") = "Unity.TextMeshPro", "Unity.TextMeshPro.csproj", "{2C9F668A-D3D2-5088-9143-BC15DF1B05EC}"
EndProject
Project("{FAE04EC0-301F-11D3-BF4B-00C04F79EFBC}") = "Unity.Timeline", "Unity.Timeline.csproj", "{20B9FE8F-5EA0-E289-9A24-D5AD116C8007}"
EndProject
Project("{FAE04EC0-301F-11D3-BF4B-00C04F79EFBC}") = "Unity.Services.Core", "Unity.Services.Core.csproj", "{3BAEAAEA-A5BD-8FA4-0B19-802927E98CC2}"
EndProject
Project("{FAE04EC0-301F-11D3-BF4B-00C04F79EFBC}") = "Unity.Services.Core.Environments", "Unity.Services.Core.Environments.csproj", "{2F18F3E7-6C39-3788-406A-AB136C5B0C3F}"
EndProject
Project("{FAE04EC0-301F-11D3-BF4B-00C04F79EFBC}") = "Unity.Services.Core.Internal", "Unity.Services.Core.Internal.csproj", "{65BD45B0-C274-42BC-5B3F-E6F928A4AA26}"
EndProject
Project("{FAE04EC0-301F-11D3-BF4B-00C04F79EFBC}") = "Unity.Services.Core.Analytics", "Unity.Services.Core.Analytics.csproj", "{BE5A6D64-DCF0-8215-0D22-562AB11DCE16}"
EndProject
Project("{FAE04EC0-301F-11D3-BF4B-00C04F79EFBC}") = "Unity.Services.Core.Scheduler", "Unity.Services.Core.Scheduler.csproj", "{D18261A3-3DBD-C5BE-1370-A9FF76BA9ED0}"
EndProject
Project("{FAE04EC0-301F-11D3-BF4B-00C04F79EFBC}") = "Unity.Services.Core.Registration", "Unity.Services.Core.Registration.csproj", "{1AA9CA8F-50EF-A30B-B3A8-FFCBC2463C6C}"
EndProject
Project("{FAE04EC0-301F-11D3-BF4B-00C04F79EFBC}") = "Unity.Services.Core.Device", "Unity.Services.Core.Device.csproj", "{6809D2AF-B5A8-0DA2-3881-6E272E94FA7E}"
EndProject
Project("{FAE04EC0-301F-11D3-BF4B-00C04F79EFBC}") = "Unity.Services.Core.Threading", "Unity.Services.Core.Threading.csproj", "{B85D8263-CFDE-B49A-4CD9-8A0266742791}"
EndProject
Project("{FAE04EC0-301F-11D3-BF4B-00C04F79EFBC}") = "Unity.Services.Core.Networking", "Unity.Services.Core.Networking.csproj", "{AB2A509C-E446-78EB-E388-94BE51C924DF}"
EndProject
Project("{FAE04EC0-301F-11D3-BF4B-00C04F79EFBC}") = "Unity.Services.Core.Configuration", "Unity.Services.Core.Configuration.csproj", "{15D700DC-3D8D-314A-6F3D-0E4AAC557FE4}"
EndProject
Project("{FAE04EC0-301F-11D3-BF4B-00C04F79EFBC}") = "Assembly-CSharp", "Assembly-CSharp.csproj", "{4C3E596E-299F-48C2-1E92-674943CD86C9}"
EndProject
Project("{FAE04EC0-301F-11D3-BF4B-00C04F79EFBC}") = "Unity.PlasticSCM.Editor", "Unity.PlasticSCM.Editor.csproj", "{401B8F65-65EC-7B76-8BEE-5439A6549E3D}"
EndProject
Project("{FAE04EC0-301F-11D3-BF4B-00C04F79EFBC}") = "Unity.VisualScripting.Core.Editor", "Unity.VisualScripting.Core.Editor.csproj", "{BA75BEF2-FB14-FE16-8927-BCBC27940072}"
EndProject
Project("{FAE04EC0-301F-11D3-BF4B-00C04F79EFBC}") = "Unity.VisualScripting.Flow.Editor", "Unity.VisualScripting.Flow.Editor.csproj", "{15DD9204-8EDC-4E73-FCC7-1059ED305FCB}"
EndProject
Project("{FAE04EC0-301F-11D3-BF4B-00C04F79EFBC}") = "Unity.VisualStudio.Editor", "Unity.VisualStudio.Editor.csproj", "{EAE15346-9CBA-CC08-BAF3-DA212B0B614D}"
EndProject
Project("{FAE04EC0-301F-11D3-BF4B-00C04F79EFBC}") = "Unity.Timeline.Editor", "Unity.Timeline.Editor.csproj", "{55357B12-9FBB-2D58-6DDE-B43346F90EC0}"
EndProject
Project("{FAE04EC0-301F-11D3-BF4B-00C04F79EFBC}") = "Unity.VisualScripting.State.Editor", "Unity.VisualScripting.State.Editor.csproj", "{D9B41822-8271-14D8-7B44-CDCA7D6D20B6}"
EndProject
Project("{FAE04EC0-301F-11D3-BF4B-00C04F79EFBC}") = "Unity.TextMeshPro.Editor", "Unity.TextMeshPro.Editor.csproj", "{8B3D0CBF-23C3-29CF-DD30-50A909B57968}"
EndProject
Project("{FAE04EC0-301F-11D3-BF4B-00C04F79EFBC}") = "Unity.VisualScripting.SettingsProvider.Editor", "Unity.VisualScripting.SettingsProvider.Editor.csproj", "{13C39C66-222F-A15A-45E6-C2494C1EC711}"
EndProject
Project("{FAE04EC0-301F-11D3-BF4B-00C04F79EFBC}") = "Unity.CollabProxy.Editor", "Unity.CollabProxy.Editor.csproj", "{38208990-D6FF-DAFA-AFDB-B62F18EE2C94}"
EndProject
Project("{FAE04EC0-301F-11D3-BF4B-00C04F79EFBC}") = "UnityEditor.TestRunner", "UnityEditor.TestRunner.csproj", "{EC62F3EC-C17D-1FFA-AD41-E7A73506191C}"
EndProject
Project("{FAE04EC0-301F-11D3-BF4B-00C04F79EFBC}") = "Unity.Services.Core.Editor", "Unity.Services.Core.Editor.csproj", "{3AAAD05D-733D-65F6-09D4-018DD0788D5C}"
EndProject
Project("{FAE04EC0-301F-11D3-BF4B-00C04F79EFBC}") = "Unity.Rider.Editor", "Unity.Rider.Editor.csproj", "{AAE6E1C2-D6B2-A393-F6F7-F1D16FEA787A}"
EndProject
Project("{FAE04EC0-301F-11D3-BF4B-00C04F79EFBC}") = "Unity.VSCode.Editor", "Unity.VSCode.Editor.csproj", "{142902C1-6653-037E-53E6-6245F91D3C76}"
EndProject
Project("{FAE04EC0-301F-11D3-BF4B-00C04F79EFBC}") = "UnityEditor.UI", "UnityEditor.UI.csproj", "{1800E61D-320B-BBFD-2AA5-3363BF43C739}"
EndProject
Project("{FAE04EC0-301F-11D3-BF4B-00C04F79EFBC}") = "Unity.Services.Core.Configuration.Editor", "Unity.Services.Core.Configuration.Editor.csproj", "{FF87CE27-F614-97AA-6F66-D9B7CF3495C8}"
EndProject
Project("{FAE04EC0-301F-11D3-BF4B-00C04F79EFBC}") = "Unity.VisualScripting.Shared.Editor", "Unity.VisualScripting.Shared.Editor.csproj", "{552E2E66-DA04-208A-E205-E8B832E934CF}"
EndProject
Project("{FAE04EC0-301F-11D3-BF4B-00C04F79EFBC}") = "UnityEngine.TestRunner", "UnityEngine.TestRunner.Player.csproj", "{3CF89A69-6354-50C5-72A8-C3793906E4F4}"
EndProject
Project("{FAE04EC0-301F-11D3-BF4B-00C04F79EFBC}") = "UnityEngine.UI", "UnityEngine.UI.Player.csproj", "{6AC2E949-9BE7-B4F0-5C70-8E3D068FF131}"
EndProject
Project("{FAE04EC0-301F-11D3-BF4B-00C04F79EFBC}") = "Unity.VisualScripting.Flow", "Unity.VisualScripting.Flow.Player.csproj", "{4406EBF5-BFEF-358E-B1E8-9E0A815E277C}"
EndProject
Project("{FAE04EC0-301F-11D3-BF4B-00C04F79EFBC}") = "Unity.Services.Core.Telemetry", "Unity.Services.Core.Telemetry.Player.csproj", "{82CF31B7-1EEE-33B0-0728-BF825BDB92BE}"
EndProject
Project("{FAE04EC0-301F-11D3-BF4B-00C04F79EFBC}") = "Unity.VisualScripting.State", "Unity.VisualScripting.State.Player.csproj", "{DD15E559-6714-ED44-5F73-EA8663BD5515}"
EndProject
Project("{FAE04EC0-301F-11D3-BF4B-00C04F79EFBC}") = "Unity.VisualScripting.Core", "Unity.VisualScripting.Core.Player.csproj", "{D1487C4E-6977-0099-EF07-7DEEC822BE16}"
EndProject
Project("{FAE04EC0-301F-11D3-BF4B-00C04F79EFBC}") = "Unity.Services.Core.Environments.Internal", "Unity.Services.Core.Environments.Internal.Player.csproj", "{6CADF74B-5625-3C87-03A8-66FB965F44E4}"
EndProject
Project("{FAE04EC0-301F-11D3-BF4B-00C04F79EFBC}") = "Unity.TextMeshPro", "Unity.TextMeshPro.Player.csproj", "{9DEBE84B-228A-0778-6AAE-0F53CC57A31C}"
EndProject
Project("{FAE04EC0-301F-11D3-BF4B-00C04F79EFBC}") = "Unity.Timeline", "Unity.Timeline.Player.csproj", "{F0B8D11A-917D-5974-9CEA-00A8322042F9}"
EndProject
Project("{FAE04EC0-301F-11D3-BF4B-00C04F79EFBC}") = "Unity.Services.Core", "Unity.Services.Core.Player.csproj", "{153CBEDC-641B-C519-7CF6-E56E9CF7F469}"
EndProject
Project("{FAE04EC0-301F-11D3-BF4B-00C04F79EFBC}") = "Unity.Services.Core.Environments", "Unity.Services.Core.Environments.Player.csproj", "{F6641A29-CDCC-80BC-3091-BF46EC38D9EB}"
EndProject
Project("{FAE04EC0-301F-11D3-BF4B-00C04F79EFBC}") = "Unity.Services.Core.Internal", "Unity.Services.Core.Internal.Player.csproj", "{AF46F7E5-EF2E-7B02-EDD3-3B8BFBEAD262}"
EndProject
Project("{FAE04EC0-301F-11D3-BF4B-00C04F79EFBC}") = "Unity.Services.Core.Analytics", "Unity.Services.Core.Analytics.Player.csproj", "{60A7CD01-3A06-BDAD-13D3-853825359778}"
EndProject
Project("{FAE04EC0-301F-11D3-BF4B-00C04F79EFBC}") = "Unity.Services.Core.Scheduler", "Unity.Services.Core.Scheduler.Player.csproj", "{07E4AC0A-FD1A-29B4-2C10-6DCA642C0E96}"
EndProject
Project("{FAE04EC0-301F-11D3-BF4B-00C04F79EFBC}") = "Unity.Services.Core.Registration", "Unity.Services.Core.Registration.Player.csproj", "{20CF95F5-7016-47D7-E6D1-3F5CC2A8A873}"
EndProject
Project("{FAE04EC0-301F-11D3-BF4B-00C04F79EFBC}") = "Unity.Services.Core.Device", "Unity.Services.Core.Device.Player.csproj", "{19C07EBF-BE58-4D79-EDBF-A4A807FE3465}"
EndProject
Project("{FAE04EC0-301F-11D3-BF4B-00C04F79EFBC}") = "Unity.Services.Core.Threading", "Unity.Services.Core.Threading.Player.csproj", "{912BC37C-2EE3-EBAB-2BAD-B6D92CCEACAC}"
EndProject
Project("{FAE04EC0-301F-11D3-BF4B-00C04F79EFBC}") = "Unity.Services.Core.Networking", "Unity.Services.Core.Networking.Player.csproj", "{CCE28465-92AC-9A66-F859-62FFDA95EADE}"
EndProject
Project("{FAE04EC0-301F-11D3-BF4B-00C04F79EFBC}") = "Unity.Services.Core.Configuration", "Unity.Services.Core.Configuration.Player.csproj", "{E7E83D34-628E-8DE3-DA7F-9719ADFA2500}"
EndProject
Project("{FAE04EC0-301F-11D3-BF4B-00C04F79EFBC}") = "Assembly-CSharp", "Assembly-CSharp.Player.csproj", "{B1EB1D88-602F-2A67-FB14-1E4FF9DA8F77}"
EndProject
Global
	GlobalSection(SolutionConfigurationPlatforms) = preSolution
		Debug|Any CPU = Debug|Any CPU
		Release|Any CPU = Release|Any CPU
	EndGlobalSection
	GlobalSection(ProjectConfigurationPlatforms) = postSolution
		{C6681B35-2E1A-2B4D-898F-9A18D96D33C1}.Debug|Any CPU.ActiveCfg = Debug|Any CPU
		{C6681B35-2E1A-2B4D-898F-9A18D96D33C1}.Debug|Any CPU.Build.0 = Debug|Any CPU
		{C6681B35-2E1A-2B4D-898F-9A18D96D33C1}.Release|Any CPU.ActiveCfg = Release|Any CPU
		{C6681B35-2E1A-2B4D-898F-9A18D96D33C1}.Release|Any CPU.Build.0 = Release|Any CPU
		{7CB11614-CAF3-CDD8-CC1E-F9FF041FAC85}.Debug|Any CPU.ActiveCfg = Debug|Any CPU
		{7CB11614-CAF3-CDD8-CC1E-F9FF041FAC85}.Debug|Any CPU.Build.0 = Debug|Any CPU
		{7CB11614-CAF3-CDD8-CC1E-F9FF041FAC85}.Release|Any CPU.ActiveCfg = Release|Any CPU
		{7CB11614-CAF3-CDD8-CC1E-F9FF041FAC85}.Release|Any CPU.Build.0 = Release|Any CPU
		{8E545B26-9870-72FC-6AEC-871A2A79AD90}.Debug|Any CPU.ActiveCfg = Debug|Any CPU
		{8E545B26-9870-72FC-6AEC-871A2A79AD90}.Debug|Any CPU.Build.0 = Debug|Any CPU
		{8E545B26-9870-72FC-6AEC-871A2A79AD90}.Release|Any CPU.ActiveCfg = Release|Any CPU
		{8E545B26-9870-72FC-6AEC-871A2A79AD90}.Release|Any CPU.Build.0 = Release|Any CPU
		{BC5903EE-EE38-6B73-8D58-3813DF360CBD}.Debug|Any CPU.ActiveCfg = Debug|Any CPU
		{BC5903EE-EE38-6B73-8D58-3813DF360CBD}.Debug|Any CPU.Build.0 = Debug|Any CPU
		{BC5903EE-EE38-6B73-8D58-3813DF360CBD}.Release|Any CPU.ActiveCfg = Release|Any CPU
		{BC5903EE-EE38-6B73-8D58-3813DF360CBD}.Release|Any CPU.Build.0 = Release|Any CPU
		{F0846B9A-91BA-8750-3130-5AB374F01774}.Debug|Any CPU.ActiveCfg = Debug|Any CPU
		{F0846B9A-91BA-8750-3130-5AB374F01774}.Debug|Any CPU.Build.0 = Debug|Any CPU
		{F0846B9A-91BA-8750-3130-5AB374F01774}.Release|Any CPU.ActiveCfg = Release|Any CPU
		{F0846B9A-91BA-8750-3130-5AB374F01774}.Release|Any CPU.Build.0 = Release|Any CPU
		{F315BDF3-76B8-5E2C-DC29-B54850933FC5}.Debug|Any CPU.ActiveCfg = Debug|Any CPU
		{F315BDF3-76B8-5E2C-DC29-B54850933FC5}.Debug|Any CPU.Build.0 = Debug|Any CPU
		{F315BDF3-76B8-5E2C-DC29-B54850933FC5}.Release|Any CPU.ActiveCfg = Release|Any CPU
		{F315BDF3-76B8-5E2C-DC29-B54850933FC5}.Release|Any CPU.Build.0 = Release|Any CPU
		{EC76E045-D59B-95EA-0D89-8F451A482AB5}.Debug|Any CPU.ActiveCfg = Debug|Any CPU
		{EC76E045-D59B-95EA-0D89-8F451A482AB5}.Debug|Any CPU.Build.0 = Debug|Any CPU
		{EC76E045-D59B-95EA-0D89-8F451A482AB5}.Release|Any CPU.ActiveCfg = Release|Any CPU
		{EC76E045-D59B-95EA-0D89-8F451A482AB5}.Release|Any CPU.Build.0 = Release|Any CPU
		{2C9F668A-D3D2-5088-9143-BC15DF1B05EC}.Debug|Any CPU.ActiveCfg = Debug|Any CPU
		{2C9F668A-D3D2-5088-9143-BC15DF1B05EC}.Debug|Any CPU.Build.0 = Debug|Any CPU
		{2C9F668A-D3D2-5088-9143-BC15DF1B05EC}.Release|Any CPU.ActiveCfg = Release|Any CPU
		{2C9F668A-D3D2-5088-9143-BC15DF1B05EC}.Release|Any CPU.Build.0 = Release|Any CPU
		{20B9FE8F-5EA0-E289-9A24-D5AD116C8007}.Debug|Any CPU.ActiveCfg = Debug|Any CPU
		{20B9FE8F-5EA0-E289-9A24-D5AD116C8007}.Debug|Any CPU.Build.0 = Debug|Any CPU
		{20B9FE8F-5EA0-E289-9A24-D5AD116C8007}.Release|Any CPU.ActiveCfg = Release|Any CPU
		{20B9FE8F-5EA0-E289-9A24-D5AD116C8007}.Release|Any CPU.Build.0 = Release|Any CPU
		{3BAEAAEA-A5BD-8FA4-0B19-802927E98CC2}.Debug|Any CPU.ActiveCfg = Debug|Any CPU
		{3BAEAAEA-A5BD-8FA4-0B19-802927E98CC2}.Debug|Any CPU.Build.0 = Debug|Any CPU
		{3BAEAAEA-A5BD-8FA4-0B19-802927E98CC2}.Release|Any CPU.ActiveCfg = Release|Any CPU
		{3BAEAAEA-A5BD-8FA4-0B19-802927E98CC2}.Release|Any CPU.Build.0 = Release|Any CPU
		{2F18F3E7-6C39-3788-406A-AB136C5B0C3F}.Debug|Any CPU.ActiveCfg = Debug|Any CPU
		{2F18F3E7-6C39-3788-406A-AB136C5B0C3F}.Debug|Any CPU.Build.0 = Debug|Any CPU
		{2F18F3E7-6C39-3788-406A-AB136C5B0C3F}.Release|Any CPU.ActiveCfg = Release|Any CPU
		{2F18F3E7-6C39-3788-406A-AB136C5B0C3F}.Release|Any CPU.Build.0 = Release|Any CPU
		{65BD45B0-C274-42BC-5B3F-E6F928A4AA26}.Debug|Any CPU.ActiveCfg = Debug|Any CPU
		{65BD45B0-C274-42BC-5B3F-E6F928A4AA26}.Debug|Any CPU.Build.0 = Debug|Any CPU
		{65BD45B0-C274-42BC-5B3F-E6F928A4AA26}.Release|Any CPU.ActiveCfg = Release|Any CPU
		{65BD45B0-C274-42BC-5B3F-E6F928A4AA26}.Release|Any CPU.Build.0 = Release|Any CPU
		{BE5A6D64-DCF0-8215-0D22-562AB11DCE16}.Debug|Any CPU.ActiveCfg = Debug|Any CPU
		{BE5A6D64-DCF0-8215-0D22-562AB11DCE16}.Debug|Any CPU.Build.0 = Debug|Any CPU
		{BE5A6D64-DCF0-8215-0D22-562AB11DCE16}.Release|Any CPU.ActiveCfg = Release|Any CPU
		{BE5A6D64-DCF0-8215-0D22-562AB11DCE16}.Release|Any CPU.Build.0 = Release|Any CPU
		{D18261A3-3DBD-C5BE-1370-A9FF76BA9ED0}.Debug|Any CPU.ActiveCfg = Debug|Any CPU
		{D18261A3-3DBD-C5BE-1370-A9FF76BA9ED0}.Debug|Any CPU.Build.0 = Debug|Any CPU
		{D18261A3-3DBD-C5BE-1370-A9FF76BA9ED0}.Release|Any CPU.ActiveCfg = Release|Any CPU
		{D18261A3-3DBD-C5BE-1370-A9FF76BA9ED0}.Release|Any CPU.Build.0 = Release|Any CPU
		{1AA9CA8F-50EF-A30B-B3A8-FFCBC2463C6C}.Debug|Any CPU.ActiveCfg = Debug|Any CPU
		{1AA9CA8F-50EF-A30B-B3A8-FFCBC2463C6C}.Debug|Any CPU.Build.0 = Debug|Any CPU
		{1AA9CA8F-50EF-A30B-B3A8-FFCBC2463C6C}.Release|Any CPU.ActiveCfg = Release|Any CPU
		{1AA9CA8F-50EF-A30B-B3A8-FFCBC2463C6C}.Release|Any CPU.Build.0 = Release|Any CPU
		{6809D2AF-B5A8-0DA2-3881-6E272E94FA7E}.Debug|Any CPU.ActiveCfg = Debug|Any CPU
		{6809D2AF-B5A8-0DA2-3881-6E272E94FA7E}.Debug|Any CPU.Build.0 = Debug|Any CPU
		{6809D2AF-B5A8-0DA2-3881-6E272E94FA7E}.Release|Any CPU.ActiveCfg = Release|Any CPU
		{6809D2AF-B5A8-0DA2-3881-6E272E94FA7E}.Release|Any CPU.Build.0 = Release|Any CPU
		{B85D8263-CFDE-B49A-4CD9-8A0266742791}.Debug|Any CPU.ActiveCfg = Debug|Any CPU
		{B85D8263-CFDE-B49A-4CD9-8A0266742791}.Debug|Any CPU.Build.0 = Debug|Any CPU
		{B85D8263-CFDE-B49A-4CD9-8A0266742791}.Release|Any CPU.ActiveCfg = Release|Any CPU
		{B85D8263-CFDE-B49A-4CD9-8A0266742791}.Release|Any CPU.Build.0 = Release|Any CPU
		{AB2A509C-E446-78EB-E388-94BE51C924DF}.Debug|Any CPU.ActiveCfg = Debug|Any CPU
		{AB2A509C-E446-78EB-E388-94BE51C924DF}.Debug|Any CPU.Build.0 = Debug|Any CPU
		{AB2A509C-E446-78EB-E388-94BE51C924DF}.Release|Any CPU.ActiveCfg = Release|Any CPU
		{AB2A509C-E446-78EB-E388-94BE51C924DF}.Release|Any CPU.Build.0 = Release|Any CPU
		{15D700DC-3D8D-314A-6F3D-0E4AAC557FE4}.Debug|Any CPU.ActiveCfg = Debug|Any CPU
		{15D700DC-3D8D-314A-6F3D-0E4AAC557FE4}.Debug|Any CPU.Build.0 = Debug|Any CPU
		{15D700DC-3D8D-314A-6F3D-0E4AAC557FE4}.Release|Any CPU.ActiveCfg = Release|Any CPU
		{15D700DC-3D8D-314A-6F3D-0E4AAC557FE4}.Release|Any CPU.Build.0 = Release|Any CPU
		{4C3E596E-299F-48C2-1E92-674943CD86C9}.Debug|Any CPU.ActiveCfg = Debug|Any CPU
		{4C3E596E-299F-48C2-1E92-674943CD86C9}.Debug|Any CPU.Build.0 = Debug|Any CPU
		{4C3E596E-299F-48C2-1E92-674943CD86C9}.Release|Any CPU.ActiveCfg = Release|Any CPU
		{4C3E596E-299F-48C2-1E92-674943CD86C9}.Release|Any CPU.Build.0 = Release|Any CPU
		{401B8F65-65EC-7B76-8BEE-5439A6549E3D}.Debug|Any CPU.ActiveCfg = Debug|Any CPU
		{401B8F65-65EC-7B76-8BEE-5439A6549E3D}.Debug|Any CPU.Build.0 = Debug|Any CPU
		{401B8F65-65EC-7B76-8BEE-5439A6549E3D}.Release|Any CPU.ActiveCfg = Release|Any CPU
		{401B8F65-65EC-7B76-8BEE-5439A6549E3D}.Release|Any CPU.Build.0 = Release|Any CPU
		{BA75BEF2-FB14-FE16-8927-BCBC27940072}.Debug|Any CPU.ActiveCfg = Debug|Any CPU
		{BA75BEF2-FB14-FE16-8927-BCBC27940072}.Debug|Any CPU.Build.0 = Debug|Any CPU
		{BA75BEF2-FB14-FE16-8927-BCBC27940072}.Release|Any CPU.ActiveCfg = Release|Any CPU
		{BA75BEF2-FB14-FE16-8927-BCBC27940072}.Release|Any CPU.Build.0 = Release|Any CPU
		{15DD9204-8EDC-4E73-FCC7-1059ED305FCB}.Debug|Any CPU.ActiveCfg = Debug|Any CPU
		{15DD9204-8EDC-4E73-FCC7-1059ED305FCB}.Debug|Any CPU.Build.0 = Debug|Any CPU
		{15DD9204-8EDC-4E73-FCC7-1059ED305FCB}.Release|Any CPU.ActiveCfg = Release|Any CPU
		{15DD9204-8EDC-4E73-FCC7-1059ED305FCB}.Release|Any CPU.Build.0 = Release|Any CPU
		{EAE15346-9CBA-CC08-BAF3-DA212B0B614D}.Debug|Any CPU.ActiveCfg = Debug|Any CPU
		{EAE15346-9CBA-CC08-BAF3-DA212B0B614D}.Debug|Any CPU.Build.0 = Debug|Any CPU
		{EAE15346-9CBA-CC08-BAF3-DA212B0B614D}.Release|Any CPU.ActiveCfg = Release|Any CPU
		{EAE15346-9CBA-CC08-BAF3-DA212B0B614D}.Release|Any CPU.Build.0 = Release|Any CPU
		{55357B12-9FBB-2D58-6DDE-B43346F90EC0}.Debug|Any CPU.ActiveCfg = Debug|Any CPU
		{55357B12-9FBB-2D58-6DDE-B43346F90EC0}.Debug|Any CPU.Build.0 = Debug|Any CPU
		{55357B12-9FBB-2D58-6DDE-B43346F90EC0}.Release|Any CPU.ActiveCfg = Release|Any CPU
		{55357B12-9FBB-2D58-6DDE-B43346F90EC0}.Release|Any CPU.Build.0 = Release|Any CPU
		{D9B41822-8271-14D8-7B44-CDCA7D6D20B6}.Debug|Any CPU.ActiveCfg = Debug|Any CPU
		{D9B41822-8271-14D8-7B44-CDCA7D6D20B6}.Debug|Any CPU.Build.0 = Debug|Any CPU
		{D9B41822-8271-14D8-7B44-CDCA7D6D20B6}.Release|Any CPU.ActiveCfg = Release|Any CPU
		{D9B41822-8271-14D8-7B44-CDCA7D6D20B6}.Release|Any CPU.Build.0 = Release|Any CPU
		{8B3D0CBF-23C3-29CF-DD30-50A909B57968}.Debug|Any CPU.ActiveCfg = Debug|Any CPU
		{8B3D0CBF-23C3-29CF-DD30-50A909B57968}.Debug|Any CPU.Build.0 = Debug|Any CPU
		{8B3D0CBF-23C3-29CF-DD30-50A909B57968}.Release|Any CPU.ActiveCfg = Release|Any CPU
		{8B3D0CBF-23C3-29CF-DD30-50A909B57968}.Release|Any CPU.Build.0 = Release|Any CPU
		{13C39C66-222F-A15A-45E6-C2494C1EC711}.Debug|Any CPU.ActiveCfg = Debug|Any CPU
		{13C39C66-222F-A15A-45E6-C2494C1EC711}.Debug|Any CPU.Build.0 = Debug|Any CPU
		{13C39C66-222F-A15A-45E6-C2494C1EC711}.Release|Any CPU.ActiveCfg = Release|Any CPU
		{13C39C66-222F-A15A-45E6-C2494C1EC711}.Release|Any CPU.Build.0 = Release|Any CPU
		{38208990-D6FF-DAFA-AFDB-B62F18EE2C94}.Debug|Any CPU.ActiveCfg = Debug|Any CPU
		{38208990-D6FF-DAFA-AFDB-B62F18EE2C94}.Debug|Any CPU.Build.0 = Debug|Any CPU
		{38208990-D6FF-DAFA-AFDB-B62F18EE2C94}.Release|Any CPU.ActiveCfg = Release|Any CPU
		{38208990-D6FF-DAFA-AFDB-B62F18EE2C94}.Release|Any CPU.Build.0 = Release|Any CPU
		{EC62F3EC-C17D-1FFA-AD41-E7A73506191C}.Debug|Any CPU.ActiveCfg = Debug|Any CPU
		{EC62F3EC-C17D-1FFA-AD41-E7A73506191C}.Debug|Any CPU.Build.0 = Debug|Any CPU
		{EC62F3EC-C17D-1FFA-AD41-E7A73506191C}.Release|Any CPU.ActiveCfg = Release|Any CPU
		{EC62F3EC-C17D-1FFA-AD41-E7A73506191C}.Release|Any CPU.Build.0 = Release|Any CPU
		{3AAAD05D-733D-65F6-09D4-018DD0788D5C}.Debug|Any CPU.ActiveCfg = Debug|Any CPU
		{3AAAD05D-733D-65F6-09D4-018DD0788D5C}.Debug|Any CPU.Build.0 = Debug|Any CPU
		{3AAAD05D-733D-65F6-09D4-018DD0788D5C}.Release|Any CPU.ActiveCfg = Release|Any CPU
		{3AAAD05D-733D-65F6-09D4-018DD0788D5C}.Release|Any CPU.Build.0 = Release|Any CPU
		{AAE6E1C2-D6B2-A393-F6F7-F1D16FEA787A}.Debug|Any CPU.ActiveCfg = Debug|Any CPU
		{AAE6E1C2-D6B2-A393-F6F7-F1D16FEA787A}.Debug|Any CPU.Build.0 = Debug|Any CPU
		{AAE6E1C2-D6B2-A393-F6F7-F1D16FEA787A}.Release|Any CPU.ActiveCfg = Release|Any CPU
		{AAE6E1C2-D6B2-A393-F6F7-F1D16FEA787A}.Release|Any CPU.Build.0 = Release|Any CPU
		{142902C1-6653-037E-53E6-6245F91D3C76}.Debug|Any CPU.ActiveCfg = Debug|Any CPU
		{142902C1-6653-037E-53E6-6245F91D3C76}.Debug|Any CPU.Build.0 = Debug|Any CPU
		{142902C1-6653-037E-53E6-6245F91D3C76}.Release|Any CPU.ActiveCfg = Release|Any CPU
		{142902C1-6653-037E-53E6-6245F91D3C76}.Release|Any CPU.Build.0 = Release|Any CPU
		{1800E61D-320B-BBFD-2AA5-3363BF43C739}.Debug|Any CPU.ActiveCfg = Debug|Any CPU
		{1800E61D-320B-BBFD-2AA5-3363BF43C739}.Debug|Any CPU.Build.0 = Debug|Any CPU
		{1800E61D-320B-BBFD-2AA5-3363BF43C739}.Release|Any CPU.ActiveCfg = Release|Any CPU
		{1800E61D-320B-BBFD-2AA5-3363BF43C739}.Release|Any CPU.Build.0 = Release|Any CPU
		{FF87CE27-F614-97AA-6F66-D9B7CF3495C8}.Debug|Any CPU.ActiveCfg = Debug|Any CPU
		{FF87CE27-F614-97AA-6F66-D9B7CF3495C8}.Debug|Any CPU.Build.0 = Debug|Any CPU
		{FF87CE27-F614-97AA-6F66-D9B7CF3495C8}.Release|Any CPU.ActiveCfg = Release|Any CPU
		{FF87CE27-F614-97AA-6F66-D9B7CF3495C8}.Release|Any CPU.Build.0 = Release|Any CPU
		{552E2E66-DA04-208A-E205-E8B832E934CF}.Debug|Any CPU.ActiveCfg = Debug|Any CPU
		{552E2E66-DA04-208A-E205-E8B832E934CF}.Debug|Any CPU.Build.0 = Debug|Any CPU
		{552E2E66-DA04-208A-E205-E8B832E934CF}.Release|Any CPU.ActiveCfg = Release|Any CPU
		{552E2E66-DA04-208A-E205-E8B832E934CF}.Release|Any CPU.Build.0 = Release|Any CPU
		{3CF89A69-6354-50C5-72A8-C3793906E4F4}.Debug|Any CPU.ActiveCfg = Debug|Any CPU
		{3CF89A69-6354-50C5-72A8-C3793906E4F4}.Debug|Any CPU.Build.0 = Debug|Any CPU
		{3CF89A69-6354-50C5-72A8-C3793906E4F4}.Release|Any CPU.ActiveCfg = Release|Any CPU
		{3CF89A69-6354-50C5-72A8-C3793906E4F4}.Release|Any CPU.Build.0 = Release|Any CPU
		{6AC2E949-9BE7-B4F0-5C70-8E3D068FF131}.Debug|Any CPU.ActiveCfg = Debug|Any CPU
		{6AC2E949-9BE7-B4F0-5C70-8E3D068FF131}.Debug|Any CPU.Build.0 = Debug|Any CPU
		{6AC2E949-9BE7-B4F0-5C70-8E3D068FF131}.Release|Any CPU.ActiveCfg = Release|Any CPU
		{6AC2E949-9BE7-B4F0-5C70-8E3D068FF131}.Release|Any CPU.Build.0 = Release|Any CPU
		{4406EBF5-BFEF-358E-B1E8-9E0A815E277C}.Debug|Any CPU.ActiveCfg = Debug|Any CPU
		{4406EBF5-BFEF-358E-B1E8-9E0A815E277C}.Debug|Any CPU.Build.0 = Debug|Any CPU
		{4406EBF5-BFEF-358E-B1E8-9E0A815E277C}.Release|Any CPU.ActiveCfg = Release|Any CPU
		{4406EBF5-BFEF-358E-B1E8-9E0A815E277C}.Release|Any CPU.Build.0 = Release|Any CPU
		{82CF31B7-1EEE-33B0-0728-BF825BDB92BE}.Debug|Any CPU.ActiveCfg = Debug|Any CPU
		{82CF31B7-1EEE-33B0-0728-BF825BDB92BE}.Debug|Any CPU.Build.0 = Debug|Any CPU
		{82CF31B7-1EEE-33B0-0728-BF825BDB92BE}.Release|Any CPU.ActiveCfg = Release|Any CPU
		{82CF31B7-1EEE-33B0-0728-BF825BDB92BE}.Release|Any CPU.Build.0 = Release|Any CPU
		{DD15E559-6714-ED44-5F73-EA8663BD5515}.Debug|Any CPU.ActiveCfg = Debug|Any CPU
		{DD15E559-6714-ED44-5F73-EA8663BD5515}.Debug|Any CPU.Build.0 = Debug|Any CPU
		{DD15E559-6714-ED44-5F73-EA8663BD5515}.Release|Any CPU.ActiveCfg = Release|Any CPU
		{DD15E559-6714-ED44-5F73-EA8663BD5515}.Release|Any CPU.Build.0 = Release|Any CPU
		{D1487C4E-6977-0099-EF07-7DEEC822BE16}.Debug|Any CPU.ActiveCfg = Debug|Any CPU
		{D1487C4E-6977-0099-EF07-7DEEC822BE16}.Debug|Any CPU.Build.0 = Debug|Any CPU
		{D1487C4E-6977-0099-EF07-7DEEC822BE16}.Release|Any CPU.ActiveCfg = Release|Any CPU
		{D1487C4E-6977-0099-EF07-7DEEC822BE16}.Release|Any CPU.Build.0 = Release|Any CPU
		{6CADF74B-5625-3C87-03A8-66FB965F44E4}.Debug|Any CPU.ActiveCfg = Debug|Any CPU
		{6CADF74B-5625-3C87-03A8-66FB965F44E4}.Debug|Any CPU.Build.0 = Debug|Any CPU
		{6CADF74B-5625-3C87-03A8-66FB965F44E4}.Release|Any CPU.ActiveCfg = Release|Any CPU
		{6CADF74B-5625-3C87-03A8-66FB965F44E4}.Release|Any CPU.Build.0 = Release|Any CPU
		{9DEBE84B-228A-0778-6AAE-0F53CC57A31C}.Debug|Any CPU.ActiveCfg = Debug|Any CPU
		{9DEBE84B-228A-0778-6AAE-0F53CC57A31C}.Debug|Any CPU.Build.0 = Debug|Any CPU
		{9DEBE84B-228A-0778-6AAE-0F53CC57A31C}.Release|Any CPU.ActiveCfg = Release|Any CPU
		{9DEBE84B-228A-0778-6AAE-0F53CC57A31C}.Release|Any CPU.Build.0 = Release|Any CPU
		{F0B8D11A-917D-5974-9CEA-00A8322042F9}.Debug|Any CPU.ActiveCfg = Debug|Any CPU
		{F0B8D11A-917D-5974-9CEA-00A8322042F9}.Debug|Any CPU.Build.0 = Debug|Any CPU
		{F0B8D11A-917D-5974-9CEA-00A8322042F9}.Release|Any CPU.ActiveCfg = Release|Any CPU
		{F0B8D11A-917D-5974-9CEA-00A8322042F9}.Release|Any CPU.Build.0 = Release|Any CPU
		{153CBEDC-641B-C519-7CF6-E56E9CF7F469}.Debug|Any CPU.ActiveCfg = Debug|Any CPU
		{153CBEDC-641B-C519-7CF6-E56E9CF7F469}.Debug|Any CPU.Build.0 = Debug|Any CPU
		{153CBEDC-641B-C519-7CF6-E56E9CF7F469}.Release|Any CPU.ActiveCfg = Release|Any CPU
		{153CBEDC-641B-C519-7CF6-E56E9CF7F469}.Release|Any CPU.Build.0 = Release|Any CPU
		{F6641A29-CDCC-80BC-3091-BF46EC38D9EB}.Debug|Any CPU.ActiveCfg = Debug|Any CPU
		{F6641A29-CDCC-80BC-3091-BF46EC38D9EB}.Debug|Any CPU.Build.0 = Debug|Any CPU
		{F6641A29-CDCC-80BC-3091-BF46EC38D9EB}.Release|Any CPU.ActiveCfg = Release|Any CPU
		{F6641A29-CDCC-80BC-3091-BF46EC38D9EB}.Release|Any CPU.Build.0 = Release|Any CPU
		{AF46F7E5-EF2E-7B02-EDD3-3B8BFBEAD262}.Debug|Any CPU.ActiveCfg = Debug|Any CPU
		{AF46F7E5-EF2E-7B02-EDD3-3B8BFBEAD262}.Debug|Any CPU.Build.0 = Debug|Any CPU
		{AF46F7E5-EF2E-7B02-EDD3-3B8BFBEAD262}.Release|Any CPU.ActiveCfg = Release|Any CPU
		{AF46F7E5-EF2E-7B02-EDD3-3B8BFBEAD262}.Release|Any CPU.Build.0 = Release|Any CPU
		{60A7CD01-3A06-BDAD-13D3-853825359778}.Debug|Any CPU.ActiveCfg = Debug|Any CPU
		{60A7CD01-3A06-BDAD-13D3-853825359778}.Debug|Any CPU.Build.0 = Debug|Any CPU
		{60A7CD01-3A06-BDAD-13D3-853825359778}.Release|Any CPU.ActiveCfg = Release|Any CPU
		{60A7CD01-3A06-BDAD-13D3-853825359778}.Release|Any CPU.Build.0 = Release|Any CPU
		{07E4AC0A-FD1A-29B4-2C10-6DCA642C0E96}.Debug|Any CPU.ActiveCfg = Debug|Any CPU
		{07E4AC0A-FD1A-29B4-2C10-6DCA642C0E96}.Debug|Any CPU.Build.0 = Debug|Any CPU
		{07E4AC0A-FD1A-29B4-2C10-6DCA642C0E96}.Release|Any CPU.ActiveCfg = Release|Any CPU
		{07E4AC0A-FD1A-29B4-2C10-6DCA642C0E96}.Release|Any CPU.Build.0 = Release|Any CPU
		{20CF95F5-7016-47D7-E6D1-3F5CC2A8A873}.Debug|Any CPU.ActiveCfg = Debug|Any CPU
		{20CF95F5-7016-47D7-E6D1-3F5CC2A8A873}.Debug|Any CPU.Build.0 = Debug|Any CPU
		{20CF95F5-7016-47D7-E6D1-3F5CC2A8A873}.Release|Any CPU.ActiveCfg = Release|Any CPU
		{20CF95F5-7016-47D7-E6D1-3F5CC2A8A873}.Release|Any CPU.Build.0 = Release|Any CPU
		{19C07EBF-BE58-4D79-EDBF-A4A807FE3465}.Debug|Any CPU.ActiveCfg = Debug|Any CPU
		{19C07EBF-BE58-4D79-EDBF-A4A807FE3465}.Debug|Any CPU.Build.0 = Debug|Any CPU
		{19C07EBF-BE58-4D79-EDBF-A4A807FE3465}.Release|Any CPU.ActiveCfg = Release|Any CPU
		{19C07EBF-BE58-4D79-EDBF-A4A807FE3465}.Release|Any CPU.Build.0 = Release|Any CPU
		{912BC37C-2EE3-EBAB-2BAD-B6D92CCEACAC}.Debug|Any CPU.ActiveCfg = Debug|Any CPU
		{912BC37C-2EE3-EBAB-2BAD-B6D92CCEACAC}.Debug|Any CPU.Build.0 = Debug|Any CPU
		{912BC37C-2EE3-EBAB-2BAD-B6D92CCEACAC}.Release|Any CPU.ActiveCfg = Release|Any CPU
		{912BC37C-2EE3-EBAB-2BAD-B6D92CCEACAC}.Release|Any CPU.Build.0 = Release|Any CPU
		{CCE28465-92AC-9A66-F859-62FFDA95EADE}.Debug|Any CPU.ActiveCfg = Debug|Any CPU
		{CCE28465-92AC-9A66-F859-62FFDA95EADE}.Debug|Any CPU.Build.0 = Debug|Any CPU
		{CCE28465-92AC-9A66-F859-62FFDA95EADE}.Release|Any CPU.ActiveCfg = Release|Any CPU
		{CCE28465-92AC-9A66-F859-62FFDA95EADE}.Release|Any CPU.Build.0 = Release|Any CPU
		{E7E83D34-628E-8DE3-DA7F-9719ADFA2500}.Debug|Any CPU.ActiveCfg = Debug|Any CPU
		{E7E83D34-628E-8DE3-DA7F-9719ADFA2500}.Debug|Any CPU.Build.0 = Debug|Any CPU
		{E7E83D34-628E-8DE3-DA7F-9719ADFA2500}.Release|Any CPU.ActiveCfg = Release|Any CPU
		{E7E83D34-628E-8DE3-DA7F-9719ADFA2500}.Release|Any CPU.Build.0 = Release|Any CPU
		{B1EB1D88-602F-2A67-FB14-1E4FF9DA8F77}.Debug|Any CPU.ActiveCfg = Debug|Any CPU
		{B1EB1D88-602F-2A67-FB14-1E4FF9DA8F77}.Debug|Any CPU.Build.0 = Debug|Any CPU
		{B1EB1D88-602F-2A67-FB14-1E4FF9DA8F77}.Release|Any CPU.ActiveCfg = Release|Any CPU
		{B1EB1D88-602F-2A67-FB14-1E4FF9DA8F77}.Release|Any CPU.Build.0 = Release|Any CPU
	EndGlobalSection
	GlobalSection(SolutionProperties) = preSolution
		HideSolutionNode = FALSE
	EndGlobalSection
EndGlobal
